
Microsoft Visual Studio Solution File, Format Version 12.00
Project("{2150E333-8FDC-42A3-9474-1A3956D46DE8}") = "src", "src", "{9CFBB9D2-0592-4C89-9814-4C9B53296CFC}"
EndProject
Project("{FAE04EC0-301F-11D3-BF4B-00C04F79EFBC}") = "AShop.Order.Domain", "src\Domain\AShop.Order.Domain\AShop.Order.Domain.csproj", "{830B5233-D3A9-4D6E-A197-66A8680607FB}"
EndProject
Project("{2150E333-8FDC-42A3-9474-1A3956D46DE8}") = "Domain", "Domain", "{5A0F1B0A-2D6D-4E52-A9D7-654521F2F1A2}"
EndProject
Project("{2150E333-8FDC-42A3-9474-1A3956D46DE8}") = "Infrastructure", "Infrastructure", "{E3D3A247-917F-420B-A5FC-C584C42B3C3E}"
EndProject
Project("{FAE04EC0-301F-11D3-BF4B-00C04F79EFBC}") = "AShop.Basket.Domain", "src\Domain\AShop.Basket.Domain\AShop.Basket.Domain.csproj", "{91061F14-C94B-4684-9C62-448731EEACC7}"
EndProject
Project("{FAE04EC0-301F-11D3-BF4B-00C04F79EFBC}") = "AShop.Catalog.Domain", "src\Domain\AShop.Catalog.Domain\AShop.Catalog.Domain.csproj", "{F341BC67-1BE6-4689-AFBC-EF4107CDB405}"
EndProject
Project("{FAE04EC0-301F-11D3-BF4B-00C04F79EFBC}") = "AShop.Identity.Domain", "src\Domain\AShop.Identity.Domain\AShop.Identity.Domain.csproj", "{120FF99B-C705-4CF2-AD1E-CEEAAE360C67}"
EndProject
Global
	GlobalSection(SolutionConfigurationPlatforms) = preSolution
		Debug|Any CPU = Debug|Any CPU
		Release|Any CPU = Release|Any CPU
	EndGlobalSection
	GlobalSection(ProjectConfigurationPlatforms) = postSolution
		{830B5233-D3A9-4D6E-A197-66A8680607FB}.Debug|Any CPU.ActiveCfg = Debug|Any CPU
		{830B5233-D3A9-4D6E-A197-66A8680607FB}.Debug|Any CPU.Build.0 = Debug|Any CPU
		{830B5233-D3A9-4D6E-A197-66A8680607FB}.Release|Any CPU.ActiveCfg = Release|Any CPU
		{830B5233-D3A9-4D6E-A197-66A8680607FB}.Release|Any CPU.Build.0 = Release|Any CPU
		{91061F14-C94B-4684-9C62-448731EEACC7}.Debug|Any CPU.ActiveCfg = Debug|Any CPU
		{91061F14-C94B-4684-9C62-448731EEACC7}.Debug|Any CPU.Build.0 = Debug|Any CPU
		{91061F14-C94B-4684-9C62-448731EEACC7}.Release|Any CPU.ActiveCfg = Release|Any CPU
		{91061F14-C94B-4684-9C62-448731EEACC7}.Release|Any CPU.Build.0 = Release|Any CPU
		{F341BC67-1BE6-4689-AFBC-EF4107CDB405}.Debug|Any CPU.ActiveCfg = Debug|Any CPU
		{F341BC67-1BE6-4689-AFBC-EF4107CDB405}.Debug|Any CPU.Build.0 = Debug|Any CPU
		{F341BC67-1BE6-4689-AFBC-EF4107CDB405}.Release|Any CPU.ActiveCfg = Release|Any CPU
		{F341BC67-1BE6-4689-AFBC-EF4107CDB405}.Release|Any CPU.Build.0 = Release|Any CPU
		{120FF99B-C705-4CF2-AD1E-CEEAAE360C67}.Debug|Any CPU.ActiveCfg = Debug|Any CPU
		{120FF99B-C705-4CF2-AD1E-CEEAAE360C67}.Debug|Any CPU.Build.0 = Debug|Any CPU
		{120FF99B-C705-4CF2-AD1E-CEEAAE360C67}.Release|Any CPU.ActiveCfg = Release|Any CPU
		{120FF99B-C705-4CF2-AD1E-CEEAAE360C67}.Release|Any CPU.Build.0 = Release|Any CPU
	EndGlobalSection
	GlobalSection(NestedProjects) = preSolution
		{5A0F1B0A-2D6D-4E52-A9D7-654521F2F1A2} = {9CFBB9D2-0592-4C89-9814-4C9B53296CFC}
		{830B5233-D3A9-4D6E-A197-66A8680607FB} = {5A0F1B0A-2D6D-4E52-A9D7-654521F2F1A2}
		{E3D3A247-917F-420B-A5FC-C584C42B3C3E} = {9CFBB9D2-0592-4C89-9814-4C9B53296CFC}
		{91061F14-C94B-4684-9C62-448731EEACC7} = {5A0F1B0A-2D6D-4E52-A9D7-654521F2F1A2}
		{F341BC67-1BE6-4689-AFBC-EF4107CDB405} = {5A0F1B0A-2D6D-4E52-A9D7-654521F2F1A2}
		{120FF99B-C705-4CF2-AD1E-CEEAAE360C67} = {5A0F1B0A-2D6D-4E52-A9D7-654521F2F1A2}
	EndGlobalSection
EndGlobal
