
Microsoft Visual Studio Solution File, Format Version 12.00
Project("{2150E333-8FDC-42A3-9474-1A3956D46DE8}") = "src", "src", "{9CFBB9D2-0592-4C89-9814-4C9B53296CFC}"
EndProject
Project("{FAE04EC0-301F-11D3-BF4B-00C04F79EFBC}") = "AShop.Order.Domain", "src\Domain\AShop.Order.Domain\AShop.Order.Domain.csproj", "{830B5233-D3A9-4D6E-A197-66A8680607FB}"
EndProject
Project("{2150E333-8FDC-42A3-9474-1A3956D46DE8}") = "Domain", "Domain", "{5A0F1B0A-2D6D-4E52-A9D7-654521F2F1A2}"
EndProject
Project("{2150E333-8FDC-42A3-9474-1A3956D46DE8}") = "Infrastructure", "Infrastructure", "{E3D3A247-917F-420B-A5FC-C584C42B3C3E}"
EndProject
Project("{FAE04EC0-301F-11D3-BF4B-00C04F79EFBC}") = "AShop.Basket.Domain", "src\Domain\AShop.Basket.Domain\AShop.Basket.Domain.csproj", "{91061F14-C94B-4684-9C62-448731EEACC7}"
EndProject
Project("{FAE04EC0-301F-11D3-BF4B-00C04F79EFBC}") = "AShop.Catalog.Domain", "src\Domain\AShop.Catalog.Domain\AShop.Catalog.Domain.csproj", "{F341BC67-1BE6-4689-AFBC-EF4107CDB405}"
EndProject
Project("{FAE04EC0-301F-11D3-BF4B-00C04F79EFBC}") = "AShop.Identity.Domain", "src\Domain\AShop.Identity.Domain\AShop.Identity.Domain.csproj", "{120FF99B-C705-4CF2-AD1E-CEEAAE360C67}"
EndProject
Project("{FAE04EC0-301F-11D3-BF4B-00C04F79EFBC}") = "AShop.Order.Infrastructure", "src\Infrastructure\AShop.Order.Infrastructure\AShop.Order.Infrastructure.csproj", "{0AF9470A-3F39-4DD7-A36B-B1322FF5841B}"
EndProject
Project("{FAE04EC0-301F-11D3-BF4B-00C04F79EFBC}") = "AShop.Catalog.Infrastructure", "src\Infrastructure\AShop.Catalog.Infrastructure\AShop.Catalog.Infrastructure.csproj", "{9C0A9906-4F37-4E36-A33D-2D2C7D8AD211}"
EndProject
Project("{FAE04EC0-301F-11D3-BF4B-00C04F79EFBC}") = "AShop.Identity.Infrastructure", "src\Infrastructure\AShop.Identity.Infrastructure\AShop.Identity.Infrastructure.csproj", "{5C0EC60B-8CD9-4EE8-B2E8-F22A9C5B017F}"
EndProject
Project("{FAE04EC0-301F-11D3-BF4B-00C04F79EFBC}") = "AShop.Basket.Infrastructure", "src\Infrastructure\AShop.Basket.Infrastructure\AShop.Basket.Infrastructure.csproj", "{020F473F-61F1-4F7C-9822-1F055C227EED}"
EndProject
Project("{FAE04EC0-301F-11D3-BF4B-00C04F79EFBC}") = "AShop.Payment.Infrastructure", "src\Infrastructure\AShop.Payment.Infrastructure\AShop.Payment.Infrastructure.csproj", "{47DAE480-03CC-4A6F-A38C-5F5843D91043}"
EndProject
Project("{FAE04EC0-301F-11D3-BF4B-00C04F79EFBC}") = "AShop.Payment.Domain", "src\Domain\AShop.Payment.Domain\AShop.Payment.Domain.csproj", "{AD8E48CD-C3FB-48D0-AE44-77B29C396A6B}"
EndProject
Project("{2150E333-8FDC-42A3-9474-1A3956D46DE8}") = "Application", "Application", "{6270B1B3-2F0F-4696-A12B-AE05B9B6E290}"
EndProject
Project("{FAE04EC0-301F-11D3-BF4B-00C04F79EFBC}") = "AShop.Order.Application", "src\Application\AShop.Order.Application\AShop.Order.Application.csproj", "{F887D147-05D9-49D8-9571-949098D5FD13}"
EndProject
Project("{FAE04EC0-301F-11D3-BF4B-00C04F79EFBC}") = "AShop.Basket.Application", "src\Application\AShop.Basket.Application\AShop.Basket.Application.csproj", "{27DD1CEC-A6E8-44AD-98CD-09F6264DDB81}"
EndProject
Project("{FAE04EC0-301F-11D3-BF4B-00C04F79EFBC}") = "AShop.Catalog.Application", "src\Application\AShop.Catalog.Application\AShop.Catalog.Application.csproj", "{BDC4AC75-32AE-4AC4-9412-F144EDFF2535}"
EndProject
Project("{FAE04EC0-301F-11D3-BF4B-00C04F79EFBC}") = "AShop.Identity.Application", "src\Application\AShop.Identity.Application\AShop.Identity.Application.csproj", "{DCF6F852-8629-4E4E-B7FA-2DC6D5435DD0}"
EndProject
Project("{FAE04EC0-301F-11D3-BF4B-00C04F79EFBC}") = "AShop.Payment.Application", "src\Application\AShop.Payment.Application\AShop.Payment.Application.csproj", "{F9003501-A72A-4080-827C-9D4636D4EFCD}"
EndProject
Project("{2150E333-8FDC-42A3-9474-1A3956D46DE8}") = "WebAPI", "WebAPI", "{B3957A35-2795-4056-ACA5-55B13B1866B4}"
EndProject
Project("{FAE04EC0-301F-11D3-BF4B-00C04F79EFBC}") = "AShop.Order.WebAPI", "src\WebAPI\AShop.Order.WebAPI\AShop.Order.WebAPI.csproj", "{CEC4E0B3-E1EC-49F7-A65B-D90A82899116}"
EndProject
Project("{FAE04EC0-301F-11D3-BF4B-00C04F79EFBC}") = "AShop.Payment.WebAPI", "src\WebAPI\AShop.Payment.WebAPI\AShop.Payment.WebAPI.csproj", "{C3B9E863-7C11-4B10-82EA-70F397EA2710}"
EndProject
Project("{FAE04EC0-301F-11D3-BF4B-00C04F79EFBC}") = "AShop.Catalog.WebAPI", "src\WebAPI\AShop.Catalog.WebAPI\AShop.Catalog.WebAPI.csproj", "{FB5177F9-6894-4784-9A69-AC2A46C3A8B4}"
EndProject
Project("{FAE04EC0-301F-11D3-BF4B-00C04F79EFBC}") = "AShop.Basket.WebAPI", "src\WebAPI\AShop.Basket.WebAPI\AShop.Basket.WebAPI.csproj", "{ED342750-E9CA-455C-9B4C-A8E37A4064EA}"
EndProject
Project("{FAE04EC0-301F-11D3-BF4B-00C04F79EFBC}") = "AShop.Identity.WebAPI", "src\WebAPI\AShop.Identity.WebAPI\AShop.Identity.WebAPI.csproj", "{7126C238-B105-4433-9CF9-1139264EB9CE}"
EndProject
Project("{2150E333-8FDC-42A3-9474-1A3956D46DE8}") = "WebAPI.Gateway", "WebAPI.Gateway", "{AC3B8927-ABB9-4853-A0E8-F9DDD818B922}"
EndProject
Project("{FAE04EC0-301F-11D3-BF4B-00C04F79EFBC}") = "Gateway", "src\WebAPI.Gateway\Gateway\Gateway.csproj", "{C571BC19-2B6F-4AED-BA6C-03CE8F6E2C25}"
EndProject
Project("{2150E333-8FDC-42A3-9474-1A3956D46DE8}") = "Commons", "Commons", "{B776E6C7-105A-4DCE-AE56-6C838D490260}"
EndProject
Project("{FAE04EC0-301F-11D3-BF4B-00C04F79EFBC}") = "AShop.Common.Core", "src\Commons\AShop.Common.Core\AShop.Common.Core.csproj", "{E7FF6AD7-153E-4530-A3E2-90446B136DA5}"
EndProject
Project("{FAE04EC0-301F-11D3-BF4B-00C04F79EFBC}") = "AShop.Common.Logging", "src\Commons\AShop.Common.Logging\AShop.Common.Logging.csproj", "{CF0BB949-6FF6-4F27-B628-702DCA50064B}"
EndProject
Project("{FAE04EC0-301F-11D3-BF4B-00C04F79EFBC}") = "AShop.EventBus.Message", "src\Commons\AShop.EventBus.Message\AShop.EventBus.Message.csproj", "{29FBE1F7-A474-4DB1-B906-5A2801B5A206}"
EndProject
Project("{FAE04EC0-301F-11D3-BF4B-00C04F79EFBC}") = "AShop.Discount.Domain", "src\Domain\AShop.Discount.Domain\AShop.Discount.Domain.csproj", "{AC8FAEA5-32AD-4029-85CF-585FEDB5D0C7}"
EndProject
Project("{FAE04EC0-301F-11D3-BF4B-00C04F79EFBC}") = "AShop.Discount.Infrastructure", "src\Infrastructure\AShop.Discount.Infrastructure\AShop.Discount.Infrastructure.csproj", "{E1E5823F-B71C-4FF7-9507-4C33C8C53E04}"
EndProject
Project("{FAE04EC0-301F-11D3-BF4B-00C04F79EFBC}") = "AShop.Discount.Application", "src\Application\AShop.Discount.Application\AShop.Discount.Application.csproj", "{5C5E99DD-34B6-4B44-B67B-DC6EA6CD049A}"
EndProject
Project("{FAE04EC0-301F-11D3-BF4B-00C04F79EFBC}") = "AShop.Discount.WebAPI", "src\WebAPI\AShop.Discount.WebAPI\AShop.Discount.WebAPI.csproj", "{BCBE4EAE-59D2-47C5-AB70-5558372FF477}"
EndProject
Global
	GlobalSection(SolutionConfigurationPlatforms) = preSolution
		Debug|Any CPU = Debug|Any CPU
		Release|Any CPU = Release|Any CPU
	EndGlobalSection
	GlobalSection(ProjectConfigurationPlatforms) = postSolution
		{830B5233-D3A9-4D6E-A197-66A8680607FB}.Debug|Any CPU.ActiveCfg = Debug|Any CPU
		{830B5233-D3A9-4D6E-A197-66A8680607FB}.Debug|Any CPU.Build.0 = Debug|Any CPU
		{830B5233-D3A9-4D6E-A197-66A8680607FB}.Release|Any CPU.ActiveCfg = Release|Any CPU
		{830B5233-D3A9-4D6E-A197-66A8680607FB}.Release|Any CPU.Build.0 = Release|Any CPU
		{91061F14-C94B-4684-9C62-448731EEACC7}.Debug|Any CPU.ActiveCfg = Debug|Any CPU
		{91061F14-C94B-4684-9C62-448731EEACC7}.Debug|Any CPU.Build.0 = Debug|Any CPU
		{91061F14-C94B-4684-9C62-448731EEACC7}.Release|Any CPU.ActiveCfg = Release|Any CPU
		{91061F14-C94B-4684-9C62-448731EEACC7}.Release|Any CPU.Build.0 = Release|Any CPU
		{F341BC67-1BE6-4689-AFBC-EF4107CDB405}.Debug|Any CPU.ActiveCfg = Debug|Any CPU
		{F341BC67-1BE6-4689-AFBC-EF4107CDB405}.Debug|Any CPU.Build.0 = Debug|Any CPU
		{F341BC67-1BE6-4689-AFBC-EF4107CDB405}.Release|Any CPU.ActiveCfg = Release|Any CPU
		{F341BC67-1BE6-4689-AFBC-EF4107CDB405}.Release|Any CPU.Build.0 = Release|Any CPU
		{120FF99B-C705-4CF2-AD1E-CEEAAE360C67}.Debug|Any CPU.ActiveCfg = Debug|Any CPU
		{120FF99B-C705-4CF2-AD1E-CEEAAE360C67}.Debug|Any CPU.Build.0 = Debug|Any CPU
		{120FF99B-C705-4CF2-AD1E-CEEAAE360C67}.Release|Any CPU.ActiveCfg = Release|Any CPU
		{120FF99B-C705-4CF2-AD1E-CEEAAE360C67}.Release|Any CPU.Build.0 = Release|Any CPU
		{0AF9470A-3F39-4DD7-A36B-B1322FF5841B}.Debug|Any CPU.ActiveCfg = Debug|Any CPU
		{0AF9470A-3F39-4DD7-A36B-B1322FF5841B}.Debug|Any CPU.Build.0 = Debug|Any CPU
		{0AF9470A-3F39-4DD7-A36B-B1322FF5841B}.Release|Any CPU.ActiveCfg = Release|Any CPU
		{0AF9470A-3F39-4DD7-A36B-B1322FF5841B}.Release|Any CPU.Build.0 = Release|Any CPU
		{9C0A9906-4F37-4E36-A33D-2D2C7D8AD211}.Debug|Any CPU.ActiveCfg = Debug|Any CPU
		{9C0A9906-4F37-4E36-A33D-2D2C7D8AD211}.Debug|Any CPU.Build.0 = Debug|Any CPU
		{9C0A9906-4F37-4E36-A33D-2D2C7D8AD211}.Release|Any CPU.ActiveCfg = Release|Any CPU
		{9C0A9906-4F37-4E36-A33D-2D2C7D8AD211}.Release|Any CPU.Build.0 = Release|Any CPU
		{5C0EC60B-8CD9-4EE8-B2E8-F22A9C5B017F}.Debug|Any CPU.ActiveCfg = Debug|Any CPU
		{5C0EC60B-8CD9-4EE8-B2E8-F22A9C5B017F}.Debug|Any CPU.Build.0 = Debug|Any CPU
		{5C0EC60B-8CD9-4EE8-B2E8-F22A9C5B017F}.Release|Any CPU.ActiveCfg = Release|Any CPU
		{5C0EC60B-8CD9-4EE8-B2E8-F22A9C5B017F}.Release|Any CPU.Build.0 = Release|Any CPU
		{020F473F-61F1-4F7C-9822-1F055C227EED}.Debug|Any CPU.ActiveCfg = Debug|Any CPU
		{020F473F-61F1-4F7C-9822-1F055C227EED}.Debug|Any CPU.Build.0 = Debug|Any CPU
		{020F473F-61F1-4F7C-9822-1F055C227EED}.Release|Any CPU.ActiveCfg = Release|Any CPU
		{020F473F-61F1-4F7C-9822-1F055C227EED}.Release|Any CPU.Build.0 = Release|Any CPU
		{47DAE480-03CC-4A6F-A38C-5F5843D91043}.Debug|Any CPU.ActiveCfg = Debug|Any CPU
		{47DAE480-03CC-4A6F-A38C-5F5843D91043}.Debug|Any CPU.Build.0 = Debug|Any CPU
		{47DAE480-03CC-4A6F-A38C-5F5843D91043}.Release|Any CPU.ActiveCfg = Release|Any CPU
		{47DAE480-03CC-4A6F-A38C-5F5843D91043}.Release|Any CPU.Build.0 = Release|Any CPU
		{AD8E48CD-C3FB-48D0-AE44-77B29C396A6B}.Debug|Any CPU.ActiveCfg = Debug|Any CPU
		{AD8E48CD-C3FB-48D0-AE44-77B29C396A6B}.Debug|Any CPU.Build.0 = Debug|Any CPU
		{AD8E48CD-C3FB-48D0-AE44-77B29C396A6B}.Release|Any CPU.ActiveCfg = Release|Any CPU
		{AD8E48CD-C3FB-48D0-AE44-77B29C396A6B}.Release|Any CPU.Build.0 = Release|Any CPU
		{F887D147-05D9-49D8-9571-949098D5FD13}.Debug|Any CPU.ActiveCfg = Debug|Any CPU
		{F887D147-05D9-49D8-9571-949098D5FD13}.Debug|Any CPU.Build.0 = Debug|Any CPU
		{F887D147-05D9-49D8-9571-949098D5FD13}.Release|Any CPU.ActiveCfg = Release|Any CPU
		{F887D147-05D9-49D8-9571-949098D5FD13}.Release|Any CPU.Build.0 = Release|Any CPU
		{27DD1CEC-A6E8-44AD-98CD-09F6264DDB81}.Debug|Any CPU.ActiveCfg = Debug|Any CPU
		{27DD1CEC-A6E8-44AD-98CD-09F6264DDB81}.Debug|Any CPU.Build.0 = Debug|Any CPU
		{27DD1CEC-A6E8-44AD-98CD-09F6264DDB81}.Release|Any CPU.ActiveCfg = Release|Any CPU
		{27DD1CEC-A6E8-44AD-98CD-09F6264DDB81}.Release|Any CPU.Build.0 = Release|Any CPU
		{BDC4AC75-32AE-4AC4-9412-F144EDFF2535}.Debug|Any CPU.ActiveCfg = Debug|Any CPU
		{BDC4AC75-32AE-4AC4-9412-F144EDFF2535}.Debug|Any CPU.Build.0 = Debug|Any CPU
		{BDC4AC75-32AE-4AC4-9412-F144EDFF2535}.Release|Any CPU.ActiveCfg = Release|Any CPU
		{BDC4AC75-32AE-4AC4-9412-F144EDFF2535}.Release|Any CPU.Build.0 = Release|Any CPU
		{DCF6F852-8629-4E4E-B7FA-2DC6D5435DD0}.Debug|Any CPU.ActiveCfg = Debug|Any CPU
		{DCF6F852-8629-4E4E-B7FA-2DC6D5435DD0}.Debug|Any CPU.Build.0 = Debug|Any CPU
		{DCF6F852-8629-4E4E-B7FA-2DC6D5435DD0}.Release|Any CPU.ActiveCfg = Release|Any CPU
		{DCF6F852-8629-4E4E-B7FA-2DC6D5435DD0}.Release|Any CPU.Build.0 = Release|Any CPU
		{F9003501-A72A-4080-827C-9D4636D4EFCD}.Debug|Any CPU.ActiveCfg = Debug|Any CPU
		{F9003501-A72A-4080-827C-9D4636D4EFCD}.Debug|Any CPU.Build.0 = Debug|Any CPU
		{F9003501-A72A-4080-827C-9D4636D4EFCD}.Release|Any CPU.ActiveCfg = Release|Any CPU
		{F9003501-A72A-4080-827C-9D4636D4EFCD}.Release|Any CPU.Build.0 = Release|Any CPU
		{CEC4E0B3-E1EC-49F7-A65B-D90A82899116}.Debug|Any CPU.ActiveCfg = Debug|Any CPU
		{CEC4E0B3-E1EC-49F7-A65B-D90A82899116}.Debug|Any CPU.Build.0 = Debug|Any CPU
		{CEC4E0B3-E1EC-49F7-A65B-D90A82899116}.Release|Any CPU.ActiveCfg = Release|Any CPU
		{CEC4E0B3-E1EC-49F7-A65B-D90A82899116}.Release|Any CPU.Build.0 = Release|Any CPU
		{C3B9E863-7C11-4B10-82EA-70F397EA2710}.Debug|Any CPU.ActiveCfg = Debug|Any CPU
		{C3B9E863-7C11-4B10-82EA-70F397EA2710}.Debug|Any CPU.Build.0 = Debug|Any CPU
		{C3B9E863-7C11-4B10-82EA-70F397EA2710}.Release|Any CPU.ActiveCfg = Release|Any CPU
		{C3B9E863-7C11-4B10-82EA-70F397EA2710}.Release|Any CPU.Build.0 = Release|Any CPU
		{FB5177F9-6894-4784-9A69-AC2A46C3A8B4}.Debug|Any CPU.ActiveCfg = Debug|Any CPU
		{FB5177F9-6894-4784-9A69-AC2A46C3A8B4}.Debug|Any CPU.Build.0 = Debug|Any CPU
		{FB5177F9-6894-4784-9A69-AC2A46C3A8B4}.Release|Any CPU.ActiveCfg = Release|Any CPU
		{FB5177F9-6894-4784-9A69-AC2A46C3A8B4}.Release|Any CPU.Build.0 = Release|Any CPU
		{ED342750-E9CA-455C-9B4C-A8E37A4064EA}.Debug|Any CPU.ActiveCfg = Debug|Any CPU
		{ED342750-E9CA-455C-9B4C-A8E37A4064EA}.Debug|Any CPU.Build.0 = Debug|Any CPU
		{ED342750-E9CA-455C-9B4C-A8E37A4064EA}.Release|Any CPU.ActiveCfg = Release|Any CPU
		{ED342750-E9CA-455C-9B4C-A8E37A4064EA}.Release|Any CPU.Build.0 = Release|Any CPU
		{7126C238-B105-4433-9CF9-1139264EB9CE}.Debug|Any CPU.ActiveCfg = Debug|Any CPU
		{7126C238-B105-4433-9CF9-1139264EB9CE}.Debug|Any CPU.Build.0 = Debug|Any CPU
		{7126C238-B105-4433-9CF9-1139264EB9CE}.Release|Any CPU.ActiveCfg = Release|Any CPU
		{7126C238-B105-4433-9CF9-1139264EB9CE}.Release|Any CPU.Build.0 = Release|Any CPU
		{C571BC19-2B6F-4AED-BA6C-03CE8F6E2C25}.Debug|Any CPU.ActiveCfg = Debug|Any CPU
		{C571BC19-2B6F-4AED-BA6C-03CE8F6E2C25}.Debug|Any CPU.Build.0 = Debug|Any CPU
		{C571BC19-2B6F-4AED-BA6C-03CE8F6E2C25}.Release|Any CPU.ActiveCfg = Release|Any CPU
		{C571BC19-2B6F-4AED-BA6C-03CE8F6E2C25}.Release|Any CPU.Build.0 = Release|Any CPU
		{E7FF6AD7-153E-4530-A3E2-90446B136DA5}.Debug|Any CPU.ActiveCfg = Debug|Any CPU
		{E7FF6AD7-153E-4530-A3E2-90446B136DA5}.Debug|Any CPU.Build.0 = Debug|Any CPU
		{E7FF6AD7-153E-4530-A3E2-90446B136DA5}.Release|Any CPU.ActiveCfg = Release|Any CPU
		{E7FF6AD7-153E-4530-A3E2-90446B136DA5}.Release|Any CPU.Build.0 = Release|Any CPU
		{CF0BB949-6FF6-4F27-B628-702DCA50064B}.Debug|Any CPU.ActiveCfg = Debug|Any CPU
		{CF0BB949-6FF6-4F27-B628-702DCA50064B}.Debug|Any CPU.Build.0 = Debug|Any CPU
		{CF0BB949-6FF6-4F27-B628-702DCA50064B}.Release|Any CPU.ActiveCfg = Release|Any CPU
		{CF0BB949-6FF6-4F27-B628-702DCA50064B}.Release|Any CPU.Build.0 = Release|Any CPU
		{29FBE1F7-A474-4DB1-B906-5A2801B5A206}.Debug|Any CPU.ActiveCfg = Debug|Any CPU
		{29FBE1F7-A474-4DB1-B906-5A2801B5A206}.Debug|Any CPU.Build.0 = Debug|Any CPU
		{29FBE1F7-A474-4DB1-B906-5A2801B5A206}.Release|Any CPU.ActiveCfg = Release|Any CPU
		{29FBE1F7-A474-4DB1-B906-5A2801B5A206}.Release|Any CPU.Build.0 = Release|Any CPU
		{AC8FAEA5-32AD-4029-85CF-585FEDB5D0C7}.Debug|Any CPU.ActiveCfg = Debug|Any CPU
		{AC8FAEA5-32AD-4029-85CF-585FEDB5D0C7}.Debug|Any CPU.Build.0 = Debug|Any CPU
		{AC8FAEA5-32AD-4029-85CF-585FEDB5D0C7}.Release|Any CPU.ActiveCfg = Release|Any CPU
		{AC8FAEA5-32AD-4029-85CF-585FEDB5D0C7}.Release|Any CPU.Build.0 = Release|Any CPU
		{E1E5823F-B71C-4FF7-9507-4C33C8C53E04}.Debug|Any CPU.ActiveCfg = Debug|Any CPU
		{E1E5823F-B71C-4FF7-9507-4C33C8C53E04}.Debug|Any CPU.Build.0 = Debug|Any CPU
		{E1E5823F-B71C-4FF7-9507-4C33C8C53E04}.Release|Any CPU.ActiveCfg = Release|Any CPU
		{E1E5823F-B71C-4FF7-9507-4C33C8C53E04}.Release|Any CPU.Build.0 = Release|Any CPU
		{5C5E99DD-34B6-4B44-B67B-DC6EA6CD049A}.Debug|Any CPU.ActiveCfg = Debug|Any CPU
		{5C5E99DD-34B6-4B44-B67B-DC6EA6CD049A}.Debug|Any CPU.Build.0 = Debug|Any CPU
		{5C5E99DD-34B6-4B44-B67B-DC6EA6CD049A}.Release|Any CPU.ActiveCfg = Release|Any CPU
		{5C5E99DD-34B6-4B44-B67B-DC6EA6CD049A}.Release|Any CPU.Build.0 = Release|Any CPU
		{BCBE4EAE-59D2-47C5-AB70-5558372FF477}.Debug|Any CPU.ActiveCfg = Debug|Any CPU
		{BCBE4EAE-59D2-47C5-AB70-5558372FF477}.Debug|Any CPU.Build.0 = Debug|Any CPU
		{BCBE4EAE-59D2-47C5-AB70-5558372FF477}.Release|Any CPU.ActiveCfg = Release|Any CPU
		{BCBE4EAE-59D2-47C5-AB70-5558372FF477}.Release|Any CPU.Build.0 = Release|Any CPU
	EndGlobalSection
	GlobalSection(NestedProjects) = preSolution
		{5A0F1B0A-2D6D-4E52-A9D7-654521F2F1A2} = {9CFBB9D2-0592-4C89-9814-4C9B53296CFC}
		{830B5233-D3A9-4D6E-A197-66A8680607FB} = {5A0F1B0A-2D6D-4E52-A9D7-654521F2F1A2}
		{E3D3A247-917F-420B-A5FC-C584C42B3C3E} = {9CFBB9D2-0592-4C89-9814-4C9B53296CFC}
		{91061F14-C94B-4684-9C62-448731EEACC7} = {5A0F1B0A-2D6D-4E52-A9D7-654521F2F1A2}
		{F341BC67-1BE6-4689-AFBC-EF4107CDB405} = {5A0F1B0A-2D6D-4E52-A9D7-654521F2F1A2}
		{120FF99B-C705-4CF2-AD1E-CEEAAE360C67} = {5A0F1B0A-2D6D-4E52-A9D7-654521F2F1A2}
		{0AF9470A-3F39-4DD7-A36B-B1322FF5841B} = {E3D3A247-917F-420B-A5FC-C584C42B3C3E}
		{9C0A9906-4F37-4E36-A33D-2D2C7D8AD211} = {E3D3A247-917F-420B-A5FC-C584C42B3C3E}
		{5C0EC60B-8CD9-4EE8-B2E8-F22A9C5B017F} = {E3D3A247-917F-420B-A5FC-C584C42B3C3E}
		{020F473F-61F1-4F7C-9822-1F055C227EED} = {E3D3A247-917F-420B-A5FC-C584C42B3C3E}
		{47DAE480-03CC-4A6F-A38C-5F5843D91043} = {E3D3A247-917F-420B-A5FC-C584C42B3C3E}
		{AD8E48CD-C3FB-48D0-AE44-77B29C396A6B} = {5A0F1B0A-2D6D-4E52-A9D7-654521F2F1A2}
		{6270B1B3-2F0F-4696-A12B-AE05B9B6E290} = {9CFBB9D2-0592-4C89-9814-4C9B53296CFC}
		{F887D147-05D9-49D8-9571-949098D5FD13} = {6270B1B3-2F0F-4696-A12B-AE05B9B6E290}
		{27DD1CEC-A6E8-44AD-98CD-09F6264DDB81} = {6270B1B3-2F0F-4696-A12B-AE05B9B6E290}
		{BDC4AC75-32AE-4AC4-9412-F144EDFF2535} = {6270B1B3-2F0F-4696-A12B-AE05B9B6E290}
		{DCF6F852-8629-4E4E-B7FA-2DC6D5435DD0} = {6270B1B3-2F0F-4696-A12B-AE05B9B6E290}
		{F9003501-A72A-4080-827C-9D4636D4EFCD} = {6270B1B3-2F0F-4696-A12B-AE05B9B6E290}
		{B3957A35-2795-4056-ACA5-55B13B1866B4} = {9CFBB9D2-0592-4C89-9814-4C9B53296CFC}
		{CEC4E0B3-E1EC-49F7-A65B-D90A82899116} = {B3957A35-2795-4056-ACA5-55B13B1866B4}
		{C3B9E863-7C11-4B10-82EA-70F397EA2710} = {B3957A35-2795-4056-ACA5-55B13B1866B4}
		{FB5177F9-6894-4784-9A69-AC2A46C3A8B4} = {B3957A35-2795-4056-ACA5-55B13B1866B4}
		{ED342750-E9CA-455C-9B4C-A8E37A4064EA} = {B3957A35-2795-4056-ACA5-55B13B1866B4}
		{7126C238-B105-4433-9CF9-1139264EB9CE} = {B3957A35-2795-4056-ACA5-55B13B1866B4}
		{AC3B8927-ABB9-4853-A0E8-F9DDD818B922} = {9CFBB9D2-0592-4C89-9814-4C9B53296CFC}
		{C571BC19-2B6F-4AED-BA6C-03CE8F6E2C25} = {AC3B8927-ABB9-4853-A0E8-F9DDD818B922}
		{B776E6C7-105A-4DCE-AE56-6C838D490260} = {9CFBB9D2-0592-4C89-9814-4C9B53296CFC}
		{E7FF6AD7-153E-4530-A3E2-90446B136DA5} = {B776E6C7-105A-4DCE-AE56-6C838D490260}
		{CF0BB949-6FF6-4F27-B628-702DCA50064B} = {B776E6C7-105A-4DCE-AE56-6C838D490260}
		{29FBE1F7-A474-4DB1-B906-5A2801B5A206} = {B776E6C7-105A-4DCE-AE56-6C838D490260}
		{AC8FAEA5-32AD-4029-85CF-585FEDB5D0C7} = {5A0F1B0A-2D6D-4E52-A9D7-654521F2F1A2}
		{E1E5823F-B71C-4FF7-9507-4C33C8C53E04} = {E3D3A247-917F-420B-A5FC-C584C42B3C3E}
		{5C5E99DD-34B6-4B44-B67B-DC6EA6CD049A} = {6270B1B3-2F0F-4696-A12B-AE05B9B6E290}
		{BCBE4EAE-59D2-47C5-AB70-5558372FF477} = {B3957A35-2795-4056-ACA5-55B13B1866B4}
	EndGlobalSection
EndGlobal
